
Microsoft Visual Studio Solution File, Format Version 12.00
# Visual Studio 15
VisualStudioVersion = 15.0.28307.1525
MinimumVisualStudioVersion = 10.0.40219.1
Project("{8BC9CEB8-8B4A-11D0-8D11-00A0C91BC942}") = "RokosCalibration", "RokosCalibration\RokosCalibration.vcxproj", "{40501D19-4264-46F3-ACF1-BA14CD1302BC}"
EndProject
Global
	GlobalSection(SolutionConfigurationPlatforms) = preSolution
		Debug|x64 = Debug|x64
		Debug|x86 = Debug|x86
		Release|x64 = Release|x64
		Release|x86 = Release|x86
	EndGlobalSection
	GlobalSection(ProjectConfigurationPlatforms) = postSolution
		{40501D19-4264-46F3-ACF1-BA14CD1302BC}.Debug|x64.ActiveCfg = Debug|x64
		{40501D19-4264-46F3-ACF1-BA14CD1302BC}.Debug|x64.Build.0 = Debug|x64
		{40501D19-4264-46F3-ACF1-BA14CD1302BC}.Debug|x86.ActiveCfg = Debug|Win32
		{40501D19-4264-46F3-ACF1-BA14CD1302BC}.Debug|x86.Build.0 = Debug|Win32
		{40501D19-4264-46F3-ACF1-BA14CD1302BC}.Release|x64.ActiveCfg = Release|x64
		{40501D19-4264-46F3-ACF1-BA14CD1302BC}.Release|x64.Build.0 = Release|x64
		{40501D19-4264-46F3-ACF1-BA14CD1302BC}.Release|x86.ActiveCfg = Release|Win32
		{40501D19-4264-46F3-ACF1-BA14CD1302BC}.Release|x86.Build.0 = Release|Win32
	EndGlobalSection
	GlobalSection(SolutionProperties) = preSolution
		HideSolutionNode = FALSE
	EndGlobalSection
	GlobalSection(ExtensibilityGlobals) = postSolution
		SolutionGuid = {A520802A-6347-47D1-8493-04C61BBA4149}
	EndGlobalSection
EndGlobal
